
Microsoft Visual Studio Solution File, Format Version 12.00
# Visual Studio Version 16
VisualStudioVersion = 16.0.29509.3
MinimumVisualStudioVersion = 10.0.40219.1
Project("{FAE04EC0-301F-11D3-BF4B-00C04F79EFBC}") = "BrowserAutomationLib", "BrowserAutomationLib\BrowserAutomationLib.csproj", "{3894D9F7-E6D3-4835-AF34-D29B5DFE6691}"
EndProject
Project("{FAE04EC0-301F-11D3-BF4B-00C04F79EFBC}") = "GestureDemo", "GestureDemo\GestureDemo.csproj", "{07B3728D-6D1C-48BD-98E7-C7876596C9CE}"
EndProject
Global
	GlobalSection(SolutionConfigurationPlatforms) = preSolution
		Debug|Any CPU = Debug|Any CPU
		Release|Any CPU = Release|Any CPU
	EndGlobalSection
	GlobalSection(ProjectConfigurationPlatforms) = postSolution
		{3894D9F7-E6D3-4835-AF34-D29B5DFE6691}.Debug|Any CPU.ActiveCfg = Debug|Any CPU
		{3894D9F7-E6D3-4835-AF34-D29B5DFE6691}.Debug|Any CPU.Build.0 = Debug|Any CPU
		{3894D9F7-E6D3-4835-AF34-D29B5DFE6691}.Release|Any CPU.ActiveCfg = Release|Any CPU
		{3894D9F7-E6D3-4835-AF34-D29B5DFE6691}.Release|Any CPU.Build.0 = Release|Any CPU
		{07B3728D-6D1C-48BD-98E7-C7876596C9CE}.Debug|Any CPU.ActiveCfg = Debug|Any CPU
		{07B3728D-6D1C-48BD-98E7-C7876596C9CE}.Debug|Any CPU.Build.0 = Debug|Any CPU
		{07B3728D-6D1C-48BD-98E7-C7876596C9CE}.Release|Any CPU.ActiveCfg = Release|Any CPU
		{07B3728D-6D1C-48BD-98E7-C7876596C9CE}.Release|Any CPU.Build.0 = Release|Any CPU
	EndGlobalSection
	GlobalSection(SolutionProperties) = preSolution
		HideSolutionNode = FALSE
	EndGlobalSection
	GlobalSection(ExtensibilityGlobals) = postSolution
		SolutionGuid = {9341E24A-9292-48FF-AA25-CF9728413945}
	EndGlobalSection
EndGlobal
